
Microsoft Visual Studio Solution File, Format Version 12.00
# Visual Studio Version 17
VisualStudioVersion = 17.2.32616.157
MinimumVisualStudioVersion = 10.0.40219.1
Project("{888888A0-9F3D-457C-B088-3A5042F75D52}") = "DirectSend", "DirectSend\DirectSend.pyproj", "{243468E1-862C-454E-AD04-51FE2464D048}"
EndProject
Global
	GlobalSection(SolutionConfigurationPlatforms) = preSolution
		Debug|Any CPU = Debug|Any CPU
		Release|Any CPU = Release|Any CPU
	EndGlobalSection
	GlobalSection(ProjectConfigurationPlatforms) = postSolution
		{243468E1-862C-454E-AD04-51FE2464D048}.Debug|Any CPU.ActiveCfg = Debug|Any CPU
		{243468E1-862C-454E-AD04-51FE2464D048}.Release|Any CPU.ActiveCfg = Release|Any CPU
	EndGlobalSection
	GlobalSection(SolutionProperties) = preSolution
		HideSolutionNode = FALSE
	EndGlobalSection
	GlobalSection(ExtensibilityGlobals) = postSolution
		SolutionGuid = {176F7DB5-7A21-4586-BAB2-525C16BA0114}
	EndGlobalSection
EndGlobal
